
Microsoft Visual Studio Solution File, Format Version 12.00
# Visual Studio Version 17
VisualStudioVersion = 17.6.33829.357
MinimumVisualStudioVersion = 10.0.40219.1
Project("{FAE04EC0-301F-11D3-BF4B-00C04F79EFBC}") = "Clase1PPO", "Clase1PPO\Clase1PPO.csproj", "{21171494-AE4C-4FF8-A1D2-BFFCB4A47250}"
EndProject
Project("{FAE04EC0-301F-11D3-BF4B-00C04F79EFBC}") = "Collecciones", "Collecciones\Collecciones.csproj", "{C6B5E776-3DD8-42D6-8867-786B45370CE0}"
EndProject
Project("{FAE04EC0-301F-11D3-BF4B-00C04F79EFBC}") = "SobreCargadeMetodos", "SobreCargadeMetodos\SobreCargadeMetodos.csproj", "{D148248D-0963-4E37-B3B5-19AB9F1BA59D}"
EndProject
Project("{FAE04EC0-301F-11D3-BF4B-00C04F79EFBC}") = "Herencia", "Herencia\Herencia.csproj", "{774B34F0-2600-4F2E-92FC-46214251A06C}"
EndProject
Project("{2150E333-8FDC-42A3-9474-1A3956D46DE8}") = "MVC", "MVC", "{490BCBBA-8D7D-4B8C-A045-AE04B1C454D7}"
EndProject
Project("{9A19103F-16F7-4668-BE54-9A1E7A4F7556}") = "MVC", "MVC\MVC.csproj", "{B4D854D9-2EC9-4669-965A-C55A0684BC17}"
EndProject
Project("{FAE04EC0-301F-11D3-BF4B-00C04F79EFBC}") = "ClaseEstaticas", "ClaseEstaticas\ClaseEstaticas.csproj", "{CD3206E5-A78A-4FFB-8BEA-8AE8992B1D82}"
EndProject
Project("{FAE04EC0-301F-11D3-BF4B-00C04F79EFBC}") = "Interface", "Interface\Interface.csproj", "{D2FF2F77-8257-48F3-B629-A1E8644EA4EA}"
EndProject
Project("{9A19103F-16F7-4668-BE54-9A1E7A4F7556}") = "MVC.MIR.VIER", "MVC.MIR.VIER\MVC.MIR.VIER.csproj", "{1E2A3B74-976B-4666-AEF6-9F52DE508C4D}"
EndProject
Project("{2150E333-8FDC-42A3-9474-1A3956D46DE8}") = "ADO", "ADO", "{B411C3A3-7742-4BC2-AB48-76EC10285EC5}"
EndProject
Project("{FAE04EC0-301F-11D3-BF4B-00C04F79EFBC}") = "ADO", "ADO\ADO.csproj", "{9D313255-12B1-4C58-9401-19F487148571}"
EndProject
Project("{9A19103F-16F7-4668-BE54-9A1E7A4F7556}") = "ADOWEB", "ADOWEB\ADOWEB.csproj", "{588AB8F7-8491-49CA-B2C0-D1D10883176E}"
EndProject
Project("{FAE04EC0-301F-11D3-BF4B-00C04F79EFBC}") = "ADO.MIER.VIER", "ADO.MIER.VIER\ADO.MIER.VIER.csproj", "{DBCF4287-DDD2-44C5-BD5B-24B36C6592F7}"
EndProject
Project("{9A19103F-16F7-4668-BE54-9A1E7A4F7556}") = "Validacion.Entity", "Validacion.Entity\Validacion.Entity.csproj", "{BAA7B61D-14B8-44F6-8A7C-9326908A4DA4}"
EndProject
Project("{2150E333-8FDC-42A3-9474-1A3956D46DE8}") = "Entity", "Entity", "{8C564BB9-1941-4E9D-B16A-D8ADB12205A3}"
EndProject
Project("{FAE04EC0-301F-11D3-BF4B-00C04F79EFBC}") = "ModelFirst", "ModelFirst\ModelFirst.csproj", "{906E57AB-C291-4F6A-982B-F8EF798D4784}"
EndProject
Project("{2150E333-8FDC-42A3-9474-1A3956D46DE8}") = "EntityMiercoles", "EntityMiercoles", "{F7E7AE6D-0D65-470E-8EA4-B2194D49EC34}"
EndProject
Project("{FAE04EC0-301F-11D3-BF4B-00C04F79EFBC}") = "Console.Entity", "Console.Entity\Console.Entity.csproj", "{6B31D08C-864B-4FF6-8F95-9346D258B77A}"
EndProject
Project("{9A19103F-16F7-4668-BE54-9A1E7A4F7556}") = "Web.Entity", "Web.Entity\Web.Entity.csproj", "{421E4B86-F3E0-43DE-8FCD-84EF5E4C6880}"
EndProject
Project("{FAE04EC0-301F-11D3-BF4B-00C04F79EFBC}") = "Data.Entity", "Data.Entity\Data.Entity.csproj", "{A922F7B5-5A0D-4FD9-9C51-BBE4318A1361}"
EndProject
Project("{2150E333-8FDC-42A3-9474-1A3956D46DE8}") = "EntityAvanzadoMIerc", "EntityAvanzadoMIerc", "{EDF623B2-5AC4-45CE-9BA4-0A406AECCD34}"
EndProject
Project("{FAE04EC0-301F-11D3-BF4B-00C04F79EFBC}") = "EntityAvanzado", "EntityAvanzado\EntityAvanzado.csproj", "{742F50FB-64C7-4BAC-BD09-012C2C1AB74F}"
EndProject
Project("{FAE04EC0-301F-11D3-BF4B-00C04F79EFBC}") = "EntityAvanzado.Modelos", "EntityAvanzado.Modelos\EntityAvanzado.Modelos.csproj", "{CFEDB759-50A2-4B35-8562-99CE30346204}"
EndProject
Project("{FAE04EC0-301F-11D3-BF4B-00C04F79EFBC}") = "EntityAvansado.Repositorio", "EntityAvansado.Repositorio\EntityAvansado.Repositorio.csproj", "{2B8CD97D-4CA2-4AAC-99EE-7753209B49CB}"
EndProject
Project("{FAE04EC0-301F-11D3-BF4B-00C04F79EFBC}") = "EntityAvanzado.DbContext", "EntityAvanzado.DbContext\EntityAvanzado.DbContext.csproj", "{CE7CD04C-0F8C-4B87-B428-E48898246C57}"
EndProject
Project("{2150E333-8FDC-42A3-9474-1A3956D46DE8}") = "POO", "POO", "{FF59291F-45B2-4397-BAF0-222C6C4E0208}"
EndProject
Project("{2150E333-8FDC-42A3-9474-1A3956D46DE8}") = "AvanzadoSabados", "AvanzadoSabados", "{04FF7B50-5ADF-48AD-9749-F64790049835}"
EndProject
Project("{FAE04EC0-301F-11D3-BF4B-00C04F79EFBC}") = "Modulos.Avanzado.Sabados", "Modulos.Avanzado.Sabados\Modulos.Avanzado.Sabados.csproj", "{9AFFBD1D-83AB-4F1F-A12D-7E7B383B9EE6}"
EndProject
Project("{FAE04EC0-301F-11D3-BF4B-00C04F79EFBC}") = "Modulos.Avanzado.Sabados.Dominio", "Modulos.Avanzado.Sabados.Dominio\Modulos.Avanzado.Sabados.Dominio.csproj", "{C06ABB67-4518-4D6D-B259-5F8FAD3E9163}"
EndProject
Project("{FAE04EC0-301F-11D3-BF4B-00C04F79EFBC}") = "Modulos.Avanzado.Sabados.Servicios", "Modulos.Avanzado.Sabados.Servicios\Modulos.Avanzado.Sabados.Servicios.csproj", "{04334E13-1503-4BCB-ADFA-0BAFA75F1E8D}"
EndProject
Project("{FAE04EC0-301F-11D3-BF4B-00C04F79EFBC}") = "Modulos.Avanzados.Sabados.DB", "Modulos.Avanzados.Sabados.DB\Modulos.Avanzados.Sabados.DB.csproj", "{5EC90878-8BE5-4958-8053-A130FBA07BFA}"
EndProject
Project("{FAE04EC0-301F-11D3-BF4B-00C04F79EFBC}") = "Modulos.Avanzado.Sabados.Repositorio", "Modulos.Avanzado.Sabados.Repositorio\Modulos.Avanzado.Sabados.Repositorio.csproj", "{631C4092-9CE4-4940-BCFF-D480ADFBE9A8}"
EndProject
Global
	GlobalSection(SolutionConfigurationPlatforms) = preSolution
		Debug|Any CPU = Debug|Any CPU
		Release|Any CPU = Release|Any CPU
	EndGlobalSection
	GlobalSection(ProjectConfigurationPlatforms) = postSolution
		{21171494-AE4C-4FF8-A1D2-BFFCB4A47250}.Debug|Any CPU.ActiveCfg = Debug|Any CPU
		{21171494-AE4C-4FF8-A1D2-BFFCB4A47250}.Debug|Any CPU.Build.0 = Debug|Any CPU
		{21171494-AE4C-4FF8-A1D2-BFFCB4A47250}.Release|Any CPU.ActiveCfg = Release|Any CPU
		{21171494-AE4C-4FF8-A1D2-BFFCB4A47250}.Release|Any CPU.Build.0 = Release|Any CPU
		{C6B5E776-3DD8-42D6-8867-786B45370CE0}.Debug|Any CPU.ActiveCfg = Debug|Any CPU
		{C6B5E776-3DD8-42D6-8867-786B45370CE0}.Debug|Any CPU.Build.0 = Debug|Any CPU
		{C6B5E776-3DD8-42D6-8867-786B45370CE0}.Release|Any CPU.ActiveCfg = Release|Any CPU
		{C6B5E776-3DD8-42D6-8867-786B45370CE0}.Release|Any CPU.Build.0 = Release|Any CPU
		{D148248D-0963-4E37-B3B5-19AB9F1BA59D}.Debug|Any CPU.ActiveCfg = Debug|Any CPU
		{D148248D-0963-4E37-B3B5-19AB9F1BA59D}.Debug|Any CPU.Build.0 = Debug|Any CPU
		{D148248D-0963-4E37-B3B5-19AB9F1BA59D}.Release|Any CPU.ActiveCfg = Release|Any CPU
		{D148248D-0963-4E37-B3B5-19AB9F1BA59D}.Release|Any CPU.Build.0 = Release|Any CPU
		{774B34F0-2600-4F2E-92FC-46214251A06C}.Debug|Any CPU.ActiveCfg = Debug|Any CPU
		{774B34F0-2600-4F2E-92FC-46214251A06C}.Debug|Any CPU.Build.0 = Debug|Any CPU
		{774B34F0-2600-4F2E-92FC-46214251A06C}.Release|Any CPU.ActiveCfg = Release|Any CPU
		{774B34F0-2600-4F2E-92FC-46214251A06C}.Release|Any CPU.Build.0 = Release|Any CPU
		{B4D854D9-2EC9-4669-965A-C55A0684BC17}.Debug|Any CPU.ActiveCfg = Debug|Any CPU
		{B4D854D9-2EC9-4669-965A-C55A0684BC17}.Debug|Any CPU.Build.0 = Debug|Any CPU
		{B4D854D9-2EC9-4669-965A-C55A0684BC17}.Release|Any CPU.ActiveCfg = Release|Any CPU
		{B4D854D9-2EC9-4669-965A-C55A0684BC17}.Release|Any CPU.Build.0 = Release|Any CPU
		{CD3206E5-A78A-4FFB-8BEA-8AE8992B1D82}.Debug|Any CPU.ActiveCfg = Debug|Any CPU
		{CD3206E5-A78A-4FFB-8BEA-8AE8992B1D82}.Debug|Any CPU.Build.0 = Debug|Any CPU
		{CD3206E5-A78A-4FFB-8BEA-8AE8992B1D82}.Release|Any CPU.ActiveCfg = Release|Any CPU
		{CD3206E5-A78A-4FFB-8BEA-8AE8992B1D82}.Release|Any CPU.Build.0 = Release|Any CPU
		{D2FF2F77-8257-48F3-B629-A1E8644EA4EA}.Debug|Any CPU.ActiveCfg = Debug|Any CPU
		{D2FF2F77-8257-48F3-B629-A1E8644EA4EA}.Debug|Any CPU.Build.0 = Debug|Any CPU
		{D2FF2F77-8257-48F3-B629-A1E8644EA4EA}.Release|Any CPU.ActiveCfg = Release|Any CPU
		{D2FF2F77-8257-48F3-B629-A1E8644EA4EA}.Release|Any CPU.Build.0 = Release|Any CPU
		{1E2A3B74-976B-4666-AEF6-9F52DE508C4D}.Debug|Any CPU.ActiveCfg = Debug|Any CPU
		{1E2A3B74-976B-4666-AEF6-9F52DE508C4D}.Debug|Any CPU.Build.0 = Debug|Any CPU
		{1E2A3B74-976B-4666-AEF6-9F52DE508C4D}.Release|Any CPU.ActiveCfg = Release|Any CPU
		{1E2A3B74-976B-4666-AEF6-9F52DE508C4D}.Release|Any CPU.Build.0 = Release|Any CPU
		{9D313255-12B1-4C58-9401-19F487148571}.Debug|Any CPU.ActiveCfg = Debug|Any CPU
		{9D313255-12B1-4C58-9401-19F487148571}.Debug|Any CPU.Build.0 = Debug|Any CPU
		{9D313255-12B1-4C58-9401-19F487148571}.Release|Any CPU.ActiveCfg = Release|Any CPU
		{9D313255-12B1-4C58-9401-19F487148571}.Release|Any CPU.Build.0 = Release|Any CPU
		{588AB8F7-8491-49CA-B2C0-D1D10883176E}.Debug|Any CPU.ActiveCfg = Debug|Any CPU
		{588AB8F7-8491-49CA-B2C0-D1D10883176E}.Debug|Any CPU.Build.0 = Debug|Any CPU
		{588AB8F7-8491-49CA-B2C0-D1D10883176E}.Release|Any CPU.ActiveCfg = Release|Any CPU
		{588AB8F7-8491-49CA-B2C0-D1D10883176E}.Release|Any CPU.Build.0 = Release|Any CPU
		{DBCF4287-DDD2-44C5-BD5B-24B36C6592F7}.Debug|Any CPU.ActiveCfg = Debug|Any CPU
		{DBCF4287-DDD2-44C5-BD5B-24B36C6592F7}.Debug|Any CPU.Build.0 = Debug|Any CPU
		{DBCF4287-DDD2-44C5-BD5B-24B36C6592F7}.Release|Any CPU.ActiveCfg = Release|Any CPU
		{DBCF4287-DDD2-44C5-BD5B-24B36C6592F7}.Release|Any CPU.Build.0 = Release|Any CPU
		{BAA7B61D-14B8-44F6-8A7C-9326908A4DA4}.Debug|Any CPU.ActiveCfg = Debug|Any CPU
		{BAA7B61D-14B8-44F6-8A7C-9326908A4DA4}.Debug|Any CPU.Build.0 = Debug|Any CPU
		{BAA7B61D-14B8-44F6-8A7C-9326908A4DA4}.Release|Any CPU.ActiveCfg = Release|Any CPU
		{BAA7B61D-14B8-44F6-8A7C-9326908A4DA4}.Release|Any CPU.Build.0 = Release|Any CPU
		{906E57AB-C291-4F6A-982B-F8EF798D4784}.Debug|Any CPU.ActiveCfg = Debug|Any CPU
		{906E57AB-C291-4F6A-982B-F8EF798D4784}.Debug|Any CPU.Build.0 = Debug|Any CPU
		{906E57AB-C291-4F6A-982B-F8EF798D4784}.Release|Any CPU.ActiveCfg = Release|Any CPU
		{906E57AB-C291-4F6A-982B-F8EF798D4784}.Release|Any CPU.Build.0 = Release|Any CPU
		{6B31D08C-864B-4FF6-8F95-9346D258B77A}.Debug|Any CPU.ActiveCfg = Debug|Any CPU
		{6B31D08C-864B-4FF6-8F95-9346D258B77A}.Debug|Any CPU.Build.0 = Debug|Any CPU
		{6B31D08C-864B-4FF6-8F95-9346D258B77A}.Release|Any CPU.ActiveCfg = Release|Any CPU
		{6B31D08C-864B-4FF6-8F95-9346D258B77A}.Release|Any CPU.Build.0 = Release|Any CPU
		{421E4B86-F3E0-43DE-8FCD-84EF5E4C6880}.Debug|Any CPU.ActiveCfg = Debug|Any CPU
		{421E4B86-F3E0-43DE-8FCD-84EF5E4C6880}.Debug|Any CPU.Build.0 = Debug|Any CPU
		{421E4B86-F3E0-43DE-8FCD-84EF5E4C6880}.Release|Any CPU.ActiveCfg = Release|Any CPU
		{421E4B86-F3E0-43DE-8FCD-84EF5E4C6880}.Release|Any CPU.Build.0 = Release|Any CPU
		{A922F7B5-5A0D-4FD9-9C51-BBE4318A1361}.Debug|Any CPU.ActiveCfg = Debug|Any CPU
		{A922F7B5-5A0D-4FD9-9C51-BBE4318A1361}.Debug|Any CPU.Build.0 = Debug|Any CPU
		{A922F7B5-5A0D-4FD9-9C51-BBE4318A1361}.Release|Any CPU.ActiveCfg = Release|Any CPU
		{A922F7B5-5A0D-4FD9-9C51-BBE4318A1361}.Release|Any CPU.Build.0 = Release|Any CPU
		{742F50FB-64C7-4BAC-BD09-012C2C1AB74F}.Debug|Any CPU.ActiveCfg = Debug|Any CPU
		{742F50FB-64C7-4BAC-BD09-012C2C1AB74F}.Debug|Any CPU.Build.0 = Debug|Any CPU
		{742F50FB-64C7-4BAC-BD09-012C2C1AB74F}.Release|Any CPU.ActiveCfg = Release|Any CPU
		{742F50FB-64C7-4BAC-BD09-012C2C1AB74F}.Release|Any CPU.Build.0 = Release|Any CPU
		{CFEDB759-50A2-4B35-8562-99CE30346204}.Debug|Any CPU.ActiveCfg = Debug|Any CPU
		{CFEDB759-50A2-4B35-8562-99CE30346204}.Debug|Any CPU.Build.0 = Debug|Any CPU
		{CFEDB759-50A2-4B35-8562-99CE30346204}.Release|Any CPU.ActiveCfg = Release|Any CPU
		{CFEDB759-50A2-4B35-8562-99CE30346204}.Release|Any CPU.Build.0 = Release|Any CPU
		{2B8CD97D-4CA2-4AAC-99EE-7753209B49CB}.Debug|Any CPU.ActiveCfg = Debug|Any CPU
		{2B8CD97D-4CA2-4AAC-99EE-7753209B49CB}.Debug|Any CPU.Build.0 = Debug|Any CPU
		{2B8CD97D-4CA2-4AAC-99EE-7753209B49CB}.Release|Any CPU.ActiveCfg = Release|Any CPU
		{2B8CD97D-4CA2-4AAC-99EE-7753209B49CB}.Release|Any CPU.Build.0 = Release|Any CPU
		{CE7CD04C-0F8C-4B87-B428-E48898246C57}.Debug|Any CPU.ActiveCfg = Debug|Any CPU
		{CE7CD04C-0F8C-4B87-B428-E48898246C57}.Debug|Any CPU.Build.0 = Debug|Any CPU
		{CE7CD04C-0F8C-4B87-B428-E48898246C57}.Release|Any CPU.ActiveCfg = Release|Any CPU
		{CE7CD04C-0F8C-4B87-B428-E48898246C57}.Release|Any CPU.Build.0 = Release|Any CPU
		{9AFFBD1D-83AB-4F1F-A12D-7E7B383B9EE6}.Debug|Any CPU.ActiveCfg = Debug|Any CPU
		{9AFFBD1D-83AB-4F1F-A12D-7E7B383B9EE6}.Debug|Any CPU.Build.0 = Debug|Any CPU
		{9AFFBD1D-83AB-4F1F-A12D-7E7B383B9EE6}.Release|Any CPU.ActiveCfg = Release|Any CPU
		{9AFFBD1D-83AB-4F1F-A12D-7E7B383B9EE6}.Release|Any CPU.Build.0 = Release|Any CPU
		{C06ABB67-4518-4D6D-B259-5F8FAD3E9163}.Debug|Any CPU.ActiveCfg = Debug|Any CPU
		{C06ABB67-4518-4D6D-B259-5F8FAD3E9163}.Debug|Any CPU.Build.0 = Debug|Any CPU
		{C06ABB67-4518-4D6D-B259-5F8FAD3E9163}.Release|Any CPU.ActiveCfg = Release|Any CPU
		{C06ABB67-4518-4D6D-B259-5F8FAD3E9163}.Release|Any CPU.Build.0 = Release|Any CPU
		{04334E13-1503-4BCB-ADFA-0BAFA75F1E8D}.Debug|Any CPU.ActiveCfg = Debug|Any CPU
		{04334E13-1503-4BCB-ADFA-0BAFA75F1E8D}.Debug|Any CPU.Build.0 = Debug|Any CPU
		{04334E13-1503-4BCB-ADFA-0BAFA75F1E8D}.Release|Any CPU.ActiveCfg = Release|Any CPU
		{04334E13-1503-4BCB-ADFA-0BAFA75F1E8D}.Release|Any CPU.Build.0 = Release|Any CPU
		{5EC90878-8BE5-4958-8053-A130FBA07BFA}.Debug|Any CPU.ActiveCfg = Debug|Any CPU
		{5EC90878-8BE5-4958-8053-A130FBA07BFA}.Debug|Any CPU.Build.0 = Debug|Any CPU
		{5EC90878-8BE5-4958-8053-A130FBA07BFA}.Release|Any CPU.ActiveCfg = Release|Any CPU
		{5EC90878-8BE5-4958-8053-A130FBA07BFA}.Release|Any CPU.Build.0 = Release|Any CPU
		{631C4092-9CE4-4940-BCFF-D480ADFBE9A8}.Debug|Any CPU.ActiveCfg = Debug|Any CPU
		{631C4092-9CE4-4940-BCFF-D480ADFBE9A8}.Debug|Any CPU.Build.0 = Debug|Any CPU
		{631C4092-9CE4-4940-BCFF-D480ADFBE9A8}.Release|Any CPU.ActiveCfg = Release|Any CPU
		{631C4092-9CE4-4940-BCFF-D480ADFBE9A8}.Release|Any CPU.Build.0 = Release|Any CPU
	EndGlobalSection
	GlobalSection(SolutionProperties) = preSolution
		HideSolutionNode = FALSE
	EndGlobalSection
	GlobalSection(NestedProjects) = preSolution
		{21171494-AE4C-4FF8-A1D2-BFFCB4A47250} = {FF59291F-45B2-4397-BAF0-222C6C4E0208}
		{C6B5E776-3DD8-42D6-8867-786B45370CE0} = {FF59291F-45B2-4397-BAF0-222C6C4E0208}
		{D148248D-0963-4E37-B3B5-19AB9F1BA59D} = {FF59291F-45B2-4397-BAF0-222C6C4E0208}
		{774B34F0-2600-4F2E-92FC-46214251A06C} = {FF59291F-45B2-4397-BAF0-222C6C4E0208}
		{B4D854D9-2EC9-4669-965A-C55A0684BC17} = {490BCBBA-8D7D-4B8C-A045-AE04B1C454D7}
		{CD3206E5-A78A-4FFB-8BEA-8AE8992B1D82} = {FF59291F-45B2-4397-BAF0-222C6C4E0208}
		{D2FF2F77-8257-48F3-B629-A1E8644EA4EA} = {FF59291F-45B2-4397-BAF0-222C6C4E0208}
		{1E2A3B74-976B-4666-AEF6-9F52DE508C4D} = {490BCBBA-8D7D-4B8C-A045-AE04B1C454D7}
		{9D313255-12B1-4C58-9401-19F487148571} = {B411C3A3-7742-4BC2-AB48-76EC10285EC5}
		{588AB8F7-8491-49CA-B2C0-D1D10883176E} = {B411C3A3-7742-4BC2-AB48-76EC10285EC5}
		{DBCF4287-DDD2-44C5-BD5B-24B36C6592F7} = {B411C3A3-7742-4BC2-AB48-76EC10285EC5}
		{BAA7B61D-14B8-44F6-8A7C-9326908A4DA4} = {490BCBBA-8D7D-4B8C-A045-AE04B1C454D7}
		{906E57AB-C291-4F6A-982B-F8EF798D4784} = {8C564BB9-1941-4E9D-B16A-D8ADB12205A3}
		{6B31D08C-864B-4FF6-8F95-9346D258B77A} = {F7E7AE6D-0D65-470E-8EA4-B2194D49EC34}
		{421E4B86-F3E0-43DE-8FCD-84EF5E4C6880} = {F7E7AE6D-0D65-470E-8EA4-B2194D49EC34}
		{A922F7B5-5A0D-4FD9-9C51-BBE4318A1361} = {F7E7AE6D-0D65-470E-8EA4-B2194D49EC34}
		{742F50FB-64C7-4BAC-BD09-012C2C1AB74F} = {EDF623B2-5AC4-45CE-9BA4-0A406AECCD34}
		{CFEDB759-50A2-4B35-8562-99CE30346204} = {EDF623B2-5AC4-45CE-9BA4-0A406AECCD34}
		{2B8CD97D-4CA2-4AAC-99EE-7753209B49CB} = {EDF623B2-5AC4-45CE-9BA4-0A406AECCD34}
		{CE7CD04C-0F8C-4B87-B428-E48898246C57} = {EDF623B2-5AC4-45CE-9BA4-0A406AECCD34}
		{9AFFBD1D-83AB-4F1F-A12D-7E7B383B9EE6} = {04FF7B50-5ADF-48AD-9749-F64790049835}
		{C06ABB67-4518-4D6D-B259-5F8FAD3E9163} = {04FF7B50-5ADF-48AD-9749-F64790049835}
		{04334E13-1503-4BCB-ADFA-0BAFA75F1E8D} = {04FF7B50-5ADF-48AD-9749-F64790049835}
		{5EC90878-8BE5-4958-8053-A130FBA07BFA} = {04FF7B50-5ADF-48AD-9749-F64790049835}
		{631C4092-9CE4-4940-BCFF-D480ADFBE9A8} = {04FF7B50-5ADF-48AD-9749-F64790049835}
	EndGlobalSection
	GlobalSection(ExtensibilityGlobals) = postSolution
		SolutionGuid = {A2EDC43F-D064-4DC5-BCBC-21678E554CA6}
	EndGlobalSection
EndGlobal
